// !$*UTF8*$!
{
	archiveVersion = 1;
	classes = {
	};
	objectVersion = 50;
	objects = {

/* Begin PBXBuildFile section */
		927ECA1B2178AE1D00B01D77 /* main.cpp in Sources */ = {isa = PBXBuildFile; fileRef = 927ECA1A2178AE1D00B01D77 /* main.cpp */; };
		927ECA232178AEBC00B01D77 /* xcom_var_struct.cpp in Sources */ = {isa = PBXBuildFile; fileRef = 927ECA212178AEBC00B01D77 /* xcom_var_struct.cpp */; };
		927ECA272178B82E00B01D77 /* xcom_data.cpp in Sources */ = {isa = PBXBuildFile; fileRef = 927ECA252178B82E00B01D77 /* xcom_data.cpp */; };
/* End PBXBuildFile section */

/* Begin PBXCopyFilesBuildPhase section */
		927ECA152178AE1D00B01D77 /* CopyFiles */ = {
			isa = PBXCopyFilesBuildPhase;
			buildActionMask = 2147483647;
			dstPath = /usr/share/man/man1/;
			dstSubfolderSpec = 0;
			files = (
			);
			runOnlyForDeploymentPostprocessing = 1;
		};
/* End PBXCopyFilesBuildPhase section */

/* Begin PBXFileReference section */
		927ECA172178AE1D00B01D77 /* xcomvar */ = {isa = PBXFileReference; explicitFileType = "compiled.mach-o.executable"; includeInIndex = 0; path = xcomvar; sourceTree = BUILT_PRODUCTS_DIR; };
		927ECA1A2178AE1D00B01D77 /* main.cpp */ = {isa = PBXFileReference; lastKnownFileType = sourcecode.cpp.cpp; path = main.cpp; sourceTree = "<group>"; };
		927ECA212178AEBC00B01D77 /* xcom_var_struct.cpp */ = {isa = PBXFileReference; fileEncoding = 4; lastKnownFileType = sourcecode.cpp.cpp; name = xcom_var_struct.cpp; path = ../../../UnixSpace/XCom/new/xcom/xcom_var_struct.cpp; sourceTree = "<group>"; };
		927ECA222178AEBC00B01D77 /* xcom_var_struct.h */ = {isa = PBXFileReference; fileEncoding = 4; lastKnownFileType = sourcecode.c.h; name = xcom_var_struct.h; path = ../../../UnixSpace/XCom/new/xcom/xcom_var_struct.h; sourceTree = "<group>"; };
		927ECA252178B82E00B01D77 /* xcom_data.cpp */ = {isa = PBXFileReference; lastKnownFileType = sourcecode.cpp.cpp; path = xcom_data.cpp; sourceTree = "<group>"; };
		927ECA262178B82E00B01D77 /* xcom_data.h */ = {isa = PBXFileReference; lastKnownFileType = sourcecode.c.h; path = xcom_data.h; sourceTree = "<group>"; };
/* End PBXFileReference section */

/* Begin PBXFrameworksBuildPhase section */
		927ECA142178AE1D00B01D77 /* Frameworks */ = {
			isa = PBXFrameworksBuildPhase;
			buildActionMask = 2147483647;
			files = (
			);
			runOnlyForDeploymentPostprocessing = 0;
		};
/* End PBXFrameworksBuildPhase section */

/* Begin PBXGroup section */
		927ECA0E2178AE1D00B01D77 = {
			isa = PBXGroup;
			children = (
				927ECA192178AE1D00B01D77 /* xcomvar */,
				927ECA182178AE1D00B01D77 /* Products */,
			);
			sourceTree = "<group>";
		};
		927ECA182178AE1D00B01D77 /* Products */ = {
			isa = PBXGroup;
			children = (
				927ECA172178AE1D00B01D77 /* xcomvar */,
			);
			name = Products;
			sourceTree = "<group>";
		};
		927ECA192178AE1D00B01D77 /* xcomvar */ = {
			isa = PBXGroup;
			children = (
				927ECA212178AEBC00B01D77 /* xcom_var_struct.cpp */,
				927ECA222178AEBC00B01D77 /* xcom_var_struct.h */,
				927ECA1A2178AE1D00B01D77 /* main.cpp */,
				927ECA252178B82E00B01D77 /* xcom_data.cpp */,
				927ECA262178B82E00B01D77 /* xcom_data.h */,
			);
			path = xcomvar;
			sourceTree = "<group>";
		};
/* End PBXGroup section */

/* Begin PBXNativeTarget section */
		927ECA162178AE1D00B01D77 /* xcomvar */ = {
			isa = PBXNativeTarget;
			buildConfigurationList = 927ECA1E2178AE1D00B01D77 /* Build configuration list for PBXNativeTarget "xcomvar" */;
			buildPhases = (
				927ECA132178AE1D00B01D77 /* Sources */,
				927ECA142178AE1D00B01D77 /* Frameworks */,
				927ECA152178AE1D00B01D77 /* CopyFiles */,
			);
			buildRules = (
			);
			dependencies = (
			);
			name = xcomvar;
			productName = xcomvar;
			productReference = 927ECA172178AE1D00B01D77 /* xcomvar */;
			productType = "com.apple.product-type.tool";
		};
/* End PBXNativeTarget section */

/* Begin PBXProject section */
		927ECA0F2178AE1D00B01D77 /* Project object */ = {
			isa = PBXProject;
			attributes = {
				LastUpgradeCheck = 1000;
				ORGANIZATIONNAME = AlexiChen;
				TargetAttributes = {
					927ECA162178AE1D00B01D77 = {
						CreatedOnToolsVersion = 10.0;
					};
				};
			};
			buildConfigurationList = 927ECA122178AE1D00B01D77 /* Build configuration list for PBXProject "xcomvar" */;
			compatibilityVersion = "Xcode 9.3";
			developmentRegion = en;
			hasScannedForEncodings = 0;
			knownRegions = (
				en,
			);
			mainGroup = 927ECA0E2178AE1D00B01D77;
			productRefGroup = 927ECA182178AE1D00B01D77 /* Products */;
			projectDirPath = "";
			projectRoot = "";
			targets = (
				927ECA162178AE1D00B01D77 /* xcomvar */,
			);
		};
/* End PBXProject section */

/* Begin PBXSourcesBuildPhase section */
		927ECA132178AE1D00B01D77 /* Sources */ = {
			isa = PBXSourcesBuildPhase;
			buildActionMask = 2147483647;
			files = (
				927ECA232178AEBC00B01D77 /* xcom_var_struct.cpp in Sources */,
				927ECA272178B82E00B01D77 /* xcom_data.cpp in Sources */,
				927ECA1B2178AE1D00B01D77 /* main.cpp in Sources */,
			);
			runOnlyForDeploymentPostprocessing = 0;
		};
/* End PBXSourcesBuildPhase section */

/* Begin XCBuildConfiguration section */
		927ECA1C2178AE1D00B01D77 /* Debug */ = {
			isa = XCBuildConfiguration;
			buildSettings = {
				ALWAYS_SEARCH_USER_PATHS = NO;
				CLANG_ANALYZER_NONNULL = YES;
				CLANG_ANALYZER_NUMBER_OBJECT_CONVERSION = YES_AGGRESSIVE;
				CLANG_CXX_LANGUAGE_STANDARD = "gnu++14";
				CLANG_CXX_LIBRARY = "libc++";
				CLANG_ENABLE_MODULES = YES;
				CLANG_ENABLE_OBJC_ARC = YES;
				CLANG_ENABLE_OBJC_WEAK = YES;
				CLANG_WARN_BLOCK_CAPTURE_AUTORELEASING = YES;
				CLANG_WARN_BOOL_CONVERSION = YES;
				CLANG_WARN_COMMA = YES;
				CLANG_WARN_CONSTANT_CONVERSION = YES;
				CLANG_WARN_DEPRECATED_OBJC_IMPLEMENTATIONS = YES;
				CLANG_WARN_DIRECT_OBJC_ISA_USAGE = YES_ERROR;
				CLANG_WARN_DOCUMENTATION_COMMENTS = YES;
				CLANG_WARN_EMPTY_BODY = YES;
				CLANG_WARN_ENUM_CONVERSION = YES;
				CLANG_WARN_INFINITE_RECURSION = YES;
				CLANG_WARN_INT_CONVERSION = YES;
				CLANG_WARN_NON_LITERAL_NULL_CONVERSION = YES;
				CLANG_WARN_OBJC_IMPLICIT_RETAIN_SELF = YES;
				CLANG_WARN_OBJC_LITERAL_CONVERSION = YES;
				CLANG_WARN_OBJC_ROOT_CLASS = YES_ERROR;
				CLANG_WARN_RANGE_LOOP_ANALYSIS = YES;
				CLANG_WARN_STRICT_PROTOTYPES = YES;
				CLANG_WARN_SUSPICIOUS_MOVE = YES;
				CLANG_WARN_UNGUARDED_AVAILABILITY = YES_AGGRESSIVE;
				CLANG_WARN_UNREACHABLE_CODE = YES;
				CLANG_WARN__DUPLICATE_METHOD_MATCH = YES;
				CODE_SIGN_IDENTITY = "Mac Developer";
				COPY_PHASE_STRIP = NO;
				DEBUG_INFORMATION_FORMAT = dwarf;
				ENABLE_STRICT_OBJC_MSGSEND = YES;
				ENABLE_TESTABILITY = YES;
				GCC_C_LANGUAGE_STANDARD = gnu11;
				GCC_DYNAMIC_NO_PIC = NO;
				GCC_NO_COMMON_BLOCKS = YES;
				GCC_OPTIMIZATION_LEVEL = 0;
				GCC_PREPROCESSOR_DEFINITIONS = (
					"DEBUG=1",
					"$(inherited)",
				);
				GCC_WARN_64_TO_32_BIT_CONVERSION = YES;
				GCC_WARN_ABOUT_RETURN_TYPE = YES_ERROR;
				GCC_WARN_UNDECLARED_SELECTOR = YES;
				GCC_WARN_UNINITIALIZED_AUTOS = YES_AGGRESSIVE;
				GCC_WARN_UNUSED_FUNCTION = YES;
				GCC_WARN_UNUSED_VARIABLE = YES;
				MACOSX_DEPLOYMENT_TARGET = 10.13;
				MTL_ENABLE_DEBUG_INFO = INCLUDE_SOURCE;
				MTL_FAST_MATH = YES;
				ONLY_ACTIVE_ARCH = YES;
				SDKROOT = macosx;
			};
			name = Debug;
		};
		927ECA1D2178AE1D00B01D77 /* Release */ = {
			isa = XCBuildConfiguration;
			buildSettings = {
				ALWAYS_SEARCH_USER_PATHS = NO;
				CLANG_ANALYZER_NONNULL = YES;
				CLANG_ANALYZER_NUMBER_OBJECT_CONVERSION = YES_AGGRESSIVE;
				CLANG_CXX_LANGUAGE_STANDARD = "gnu++14";
				CLANG_CXX_LIBRARY = "libc++";
				CLANG_ENABLE_MODULES = YES;
				CLANG_ENABLE_OBJC_ARC = YES;
				CLANG_ENABLE_OBJC_WEAK = YES;
				CLANG_WARN_BLOCK_CAPTURE_AUTORELEASING = YES;
				CLANG_WARN_BOOL_CONVERSION = YES;
				CLANG_WARN_COMMA = YES;
				CLANG_WARN_CONSTANT_CONVERSION = YES;
				CLANG_WARN_DEPRECATED_OBJC_IMPLEMENTATIONS = YES;
				CLANG_WARN_DIRECT_OBJC_ISA_USAGE = YES_ERROR;
				CLANG_WARN_DOCUMENTATION_COMMENTS = YES;
				CLANG_WARN_EMPTY_BODY = YES;
				CLANG_WARN_ENUM_CONVERSION = YES;
				CLANG_WARN_INFINITE_RECURSION = YES;
				CLANG_WARN_INT_CONVERSION = YES;
				CLANG_WARN_NON_LITERAL_NULL_CONVERSION = YES;
				CLANG_WARN_OBJC_IMPLICIT_RETAIN_SELF = YES;
				CLANG_WARN_OBJC_LITERAL_CONVERSION = YES;
				CLANG_WARN_OBJC_ROOT_CLASS = YES_ERROR;
				CLANG_WARN_RANGE_LOOP_ANALYSIS = YES;
				CLANG_WARN_STRICT_PROTOTYPES = YES;
				CLANG_WARN_SUSPICIOUS_MOVE = YES;
				CLANG_WARN_UNGUARDED_AVAILABILITY = YES_AGGRESSIVE;
				CLANG_WARN_UNREACHABLE_CODE = YES;
				CLANG_WARN__DUPLICATE_METHOD_MATCH = YES;
				CODE_SIGN_IDENTITY = "Mac Developer";
				COPY_PHASE_STRIP = NO;
				DEBUG_INFORMATION_FORMAT = "dwarf-with-dsym";
				ENABLE_NS_ASSERTIONS = NO;
				ENABLE_STRICT_OBJC_MSGSEND = YES;
				GCC_C_LANGUAGE_STANDARD = gnu11;
				GCC_NO_COMMON_BLOCKS = YES;
				GCC_WARN_64_TO_32_BIT_CONVERSION = YES;
				GCC_WARN_ABOUT_RETURN_TYPE = YES_ERROR;
				GCC_WARN_UNDECLARED_SELECTOR = YES;
				GCC_WARN_UNINITIALIZED_AUTOS = YES_AGGRESSIVE;
				GCC_WARN_UNUSED_FUNCTION = YES;
				GCC_WARN_UNUSED_VARIABLE = YES;
				MACOSX_DEPLOYMENT_TARGET = 10.13;
				MTL_ENABLE_DEBUG_INFO = NO;
				MTL_FAST_MATH = YES;
				SDKROOT = macosx;
			};
			name = Release;
		};
		927ECA1F2178AE1D00B01D77 /* Debug */ = {
			isa = XCBuildConfiguration;
			buildSettings = {
				CODE_SIGN_STYLE = Automatic;
				DEVELOPMENT_TEAM = 43YJ58H38Q;
				PRODUCT_NAME = "$(TARGET_NAME)";
			};
			name = Debug;
		};
		927ECA202178AE1D00B01D77 /* Release */ = {
			isa = XCBuildConfiguration;
			buildSettings = {
				CODE_SIGN_STYLE = Automatic;
				DEVELOPMENT_TEAM = 43YJ58H38Q;
				PRODUCT_NAME = "$(TARGET_NAME)";
			};
			name = Release;
		};
/* End XCBuildConfiguration section */

/* Begin XCConfigurationList section */
		927ECA122178AE1D00B01D77 /* Build configuration list for PBXProject "xcomvar" */ = {
			isa = XCConfigurationList;
			buildConfigurations = (
				927ECA1C2178AE1D00B01D77 /* Debug */,
				927ECA1D2178AE1D00B01D77 /* Release */,
			);
			defaultConfigurationIsVisible = 0;
			defaultConfigurationName = Release;
		};
		927ECA1E2178AE1D00B01D77 /* Build configuration list for PBXNativeTarget "xcomvar" */ = {
			isa = XCConfigurationList;
			buildConfigurations = (
				927ECA1F2178AE1D00B01D77 /* Debug */,
				927ECA202178AE1D00B01D77 /* Release */,
			);
			defaultConfigurationIsVisible = 0;
			defaultConfigurationName = Release;
		};
/* End XCConfigurationList section */
	};
	rootObject = 927ECA0F2178AE1D00B01D77 /* Project object */;
}
