// !$*UTF8*$!
{
	archiveVersion = 1;
	classes = {
	};
	objectVersion = 50;
	objects = {

/* Begin PBXBuildFile section */
		9285BA56216E388F00C04422 /* main.cpp in Sources */ = {isa = PBXBuildFile; fileRef = 9285BA55216E388F00C04422 /* main.cpp */; };
		9285BA62216E426900C04422 /* xcom_logger.cpp in Sources */ = {isa = PBXBuildFile; fileRef = 9285BA60216E426900C04422 /* xcom_logger.cpp */; };
		9285BA66216E452600C04422 /* xc_string.cpp in Sources */ = {isa = PBXBuildFile; fileRef = 9285BA65216E452600C04422 /* xc_string.cpp */; };
		9285BA6B216E481F00C04422 /* xcom_logger_pri.cpp in Sources */ = {isa = PBXBuildFile; fileRef = 9285BA69216E481F00C04422 /* xcom_logger_pri.cpp */; };
/* End PBXBuildFile section */

/* Begin PBXCopyFilesBuildPhase section */
		9285BA43216E385100C04422 /* CopyFiles */ = {
			isa = PBXCopyFilesBuildPhase;
			buildActionMask = 2147483647;
			dstPath = /usr/share/man/man1/;
			dstSubfolderSpec = 0;
			files = (
			);
			runOnlyForDeploymentPostprocessing = 1;
		};
/* End PBXCopyFilesBuildPhase section */

/* Begin PBXFileReference section */
		9285BA45216E385100C04422 /* xcom */ = {isa = PBXFileReference; explicitFileType = "compiled.mach-o.executable"; includeInIndex = 0; path = xcom; sourceTree = BUILT_PRODUCTS_DIR; };
		9285BA4F216E386F00C04422 /* xcom_log.h */ = {isa = PBXFileReference; fileEncoding = 4; lastKnownFileType = sourcecode.c.h; path = xcom_log.h; sourceTree = "<group>"; };
		9285BA50216E386F00C04422 /* xcom_const.h */ = {isa = PBXFileReference; fileEncoding = 4; lastKnownFileType = sourcecode.c.h; path = xcom_const.h; sourceTree = "<group>"; };
		9285BA51216E386F00C04422 /* xcom_sys_def.h */ = {isa = PBXFileReference; fileEncoding = 4; lastKnownFileType = sourcecode.c.h; path = xcom_sys_def.h; sourceTree = "<group>"; };
		9285BA52216E386F00C04422 /* xcom_config.h */ = {isa = PBXFileReference; fileEncoding = 4; lastKnownFileType = sourcecode.c.h; path = xcom_config.h; sourceTree = "<group>"; };
		9285BA54216E386F00C04422 /* xcom_type_def.h */ = {isa = PBXFileReference; fileEncoding = 4; lastKnownFileType = sourcecode.c.h; path = xcom_type_def.h; sourceTree = "<group>"; };
		9285BA55216E388F00C04422 /* main.cpp */ = {isa = PBXFileReference; lastKnownFileType = sourcecode.cpp.cpp; path = main.cpp; sourceTree = "<group>"; };
		9285BA57216E38E800C04422 /* xcom.h */ = {isa = PBXFileReference; lastKnownFileType = sourcecode.c.h; path = xcom.h; sourceTree = "<group>"; };
		9285BA58216E396700C04422 /* xcom_tick.h */ = {isa = PBXFileReference; fileEncoding = 4; lastKnownFileType = sourcecode.c.h; path = xcom_tick.h; sourceTree = "<group>"; };
		9285BA5A216E3A8300C04422 /* xtypes.h */ = {isa = PBXFileReference; fileEncoding = 4; lastKnownFileType = sourcecode.c.h; path = xtypes.h; sourceTree = "<group>"; };
		9285BA60216E426900C04422 /* xcom_logger.cpp */ = {isa = PBXFileReference; lastKnownFileType = sourcecode.cpp.cpp; path = xcom_logger.cpp; sourceTree = "<group>"; };
		9285BA63216E44A900C04422 /* xcom_logger_struct.h */ = {isa = PBXFileReference; lastKnownFileType = sourcecode.c.h; path = xcom_logger_struct.h; sourceTree = "<group>"; };
		9285BA64216E452600C04422 /* xc_string.h */ = {isa = PBXFileReference; fileEncoding = 4; lastKnownFileType = sourcecode.c.h; path = xc_string.h; sourceTree = "<group>"; };
		9285BA65216E452600C04422 /* xc_string.cpp */ = {isa = PBXFileReference; fileEncoding = 4; lastKnownFileType = sourcecode.cpp.cpp; path = xc_string.cpp; sourceTree = "<group>"; };
		9285BA68216E480600C04422 /* xcom_logger.h */ = {isa = PBXFileReference; fileEncoding = 4; lastKnownFileType = sourcecode.c.h; path = xcom_logger.h; sourceTree = "<group>"; };
		9285BA69216E481F00C04422 /* xcom_logger_pri.cpp */ = {isa = PBXFileReference; lastKnownFileType = sourcecode.cpp.cpp; path = xcom_logger_pri.cpp; sourceTree = "<group>"; };
		9285BA6A216E481F00C04422 /* xcom_logger_pri.h */ = {isa = PBXFileReference; lastKnownFileType = sourcecode.c.h; path = xcom_logger_pri.h; sourceTree = "<group>"; };
/* End PBXFileReference section */

/* Begin PBXFrameworksBuildPhase section */
		9285BA42216E385100C04422 /* Frameworks */ = {
			isa = PBXFrameworksBuildPhase;
			buildActionMask = 2147483647;
			files = (
			);
			runOnlyForDeploymentPostprocessing = 0;
		};
/* End PBXFrameworksBuildPhase section */

/* Begin PBXGroup section */
		9285BA3C216E385100C04422 = {
			isa = PBXGroup;
			children = (
				9285BA47216E385100C04422 /* xcom */,
				9285BA46216E385100C04422 /* Products */,
			);
			sourceTree = "<group>";
		};
		9285BA46216E385100C04422 /* Products */ = {
			isa = PBXGroup;
			children = (
				9285BA45216E385100C04422 /* xcom */,
			);
			name = Products;
			sourceTree = "<group>";
		};
		9285BA47216E385100C04422 /* xcom */ = {
			isa = PBXGroup;
			children = (
				9285BA65216E452600C04422 /* xc_string.cpp */,
				9285BA64216E452600C04422 /* xc_string.h */,
				9285BA5C216E419100C04422 /* xlog */,
				9285BA5A216E3A8300C04422 /* xtypes.h */,
				9285BA58216E396700C04422 /* xcom_tick.h */,
				9285BA57216E38E800C04422 /* xcom.h */,
				9285BA52216E386F00C04422 /* xcom_config.h */,
				9285BA50216E386F00C04422 /* xcom_const.h */,
				9285BA4F216E386F00C04422 /* xcom_log.h */,
				9285BA51216E386F00C04422 /* xcom_sys_def.h */,
				9285BA54216E386F00C04422 /* xcom_type_def.h */,
				9285BA55216E388F00C04422 /* main.cpp */,
			);
			path = xcom;
			sourceTree = "<group>";
		};
		9285BA5C216E419100C04422 /* xlog */ = {
			isa = PBXGroup;
			children = (
				9285BA67216E480600C04422 /* include */,
				9285BA60216E426900C04422 /* xcom_logger.cpp */,
				9285BA63216E44A900C04422 /* xcom_logger_struct.h */,
				9285BA69216E481F00C04422 /* xcom_logger_pri.cpp */,
				9285BA6A216E481F00C04422 /* xcom_logger_pri.h */,
			);
			path = xlog;
			sourceTree = "<group>";
		};
		9285BA67216E480600C04422 /* include */ = {
			isa = PBXGroup;
			children = (
				9285BA68216E480600C04422 /* xcom_logger.h */,
			);
			path = include;
			sourceTree = "<group>";
		};
/* End PBXGroup section */

/* Begin PBXNativeTarget section */
		9285BA44216E385100C04422 /* xcom */ = {
			isa = PBXNativeTarget;
			buildConfigurationList = 9285BA4C216E385100C04422 /* Build configuration list for PBXNativeTarget "xcom" */;
			buildPhases = (
				9285BA41216E385100C04422 /* Sources */,
				9285BA42216E385100C04422 /* Frameworks */,
				9285BA43216E385100C04422 /* CopyFiles */,
			);
			buildRules = (
			);
			dependencies = (
			);
			name = xcom;
			productName = xcom;
			productReference = 9285BA45216E385100C04422 /* xcom */;
			productType = "com.apple.product-type.tool";
		};
/* End PBXNativeTarget section */

/* Begin PBXProject section */
		9285BA3D216E385100C04422 /* Project object */ = {
			isa = PBXProject;
			attributes = {
				LastUpgradeCheck = 1000;
				ORGANIZATIONNAME = AlexiChen;
				TargetAttributes = {
					9285BA44216E385100C04422 = {
						CreatedOnToolsVersion = 10.0;
					};
				};
			};
			buildConfigurationList = 9285BA40216E385100C04422 /* Build configuration list for PBXProject "xcom" */;
			compatibilityVersion = "Xcode 9.3";
			developmentRegion = en;
			hasScannedForEncodings = 0;
			knownRegions = (
				en,
			);
			mainGroup = 9285BA3C216E385100C04422;
			productRefGroup = 9285BA46216E385100C04422 /* Products */;
			projectDirPath = "";
			projectRoot = "";
			targets = (
				9285BA44216E385100C04422 /* xcom */,
			);
		};
/* End PBXProject section */

/* Begin PBXSourcesBuildPhase section */
		9285BA41216E385100C04422 /* Sources */ = {
			isa = PBXSourcesBuildPhase;
			buildActionMask = 2147483647;
			files = (
				9285BA6B216E481F00C04422 /* xcom_logger_pri.cpp in Sources */,
				9285BA62216E426900C04422 /* xcom_logger.cpp in Sources */,
				9285BA56216E388F00C04422 /* main.cpp in Sources */,
				9285BA66216E452600C04422 /* xc_string.cpp in Sources */,
			);
			runOnlyForDeploymentPostprocessing = 0;
		};
/* End PBXSourcesBuildPhase section */

/* Begin XCBuildConfiguration section */
		9285BA4A216E385100C04422 /* Debug */ = {
			isa = XCBuildConfiguration;
			buildSettings = {
				ALWAYS_SEARCH_USER_PATHS = NO;
				CLANG_ANALYZER_NONNULL = YES;
				CLANG_ANALYZER_NUMBER_OBJECT_CONVERSION = YES_AGGRESSIVE;
				CLANG_CXX_LANGUAGE_STANDARD = "gnu++14";
				CLANG_CXX_LIBRARY = "libc++";
				CLANG_ENABLE_MODULES = YES;
				CLANG_ENABLE_OBJC_ARC = YES;
				CLANG_ENABLE_OBJC_WEAK = YES;
				CLANG_WARN_BLOCK_CAPTURE_AUTORELEASING = YES;
				CLANG_WARN_BOOL_CONVERSION = YES;
				CLANG_WARN_COMMA = YES;
				CLANG_WARN_CONSTANT_CONVERSION = YES;
				CLANG_WARN_DEPRECATED_OBJC_IMPLEMENTATIONS = YES;
				CLANG_WARN_DIRECT_OBJC_ISA_USAGE = YES_ERROR;
				CLANG_WARN_DOCUMENTATION_COMMENTS = YES;
				CLANG_WARN_EMPTY_BODY = YES;
				CLANG_WARN_ENUM_CONVERSION = YES;
				CLANG_WARN_INFINITE_RECURSION = YES;
				CLANG_WARN_INT_CONVERSION = YES;
				CLANG_WARN_NON_LITERAL_NULL_CONVERSION = YES;
				CLANG_WARN_OBJC_IMPLICIT_RETAIN_SELF = YES;
				CLANG_WARN_OBJC_LITERAL_CONVERSION = YES;
				CLANG_WARN_OBJC_ROOT_CLASS = YES_ERROR;
				CLANG_WARN_RANGE_LOOP_ANALYSIS = YES;
				CLANG_WARN_STRICT_PROTOTYPES = YES;
				CLANG_WARN_SUSPICIOUS_MOVE = YES;
				CLANG_WARN_UNGUARDED_AVAILABILITY = YES_AGGRESSIVE;
				CLANG_WARN_UNREACHABLE_CODE = YES;
				CLANG_WARN__DUPLICATE_METHOD_MATCH = YES;
				CODE_SIGN_IDENTITY = "Mac Developer";
				COPY_PHASE_STRIP = NO;
				DEBUG_INFORMATION_FORMAT = dwarf;
				ENABLE_STRICT_OBJC_MSGSEND = YES;
				ENABLE_TESTABILITY = YES;
				GCC_C_LANGUAGE_STANDARD = gnu11;
				GCC_DYNAMIC_NO_PIC = NO;
				GCC_NO_COMMON_BLOCKS = YES;
				GCC_OPTIMIZATION_LEVEL = 0;
				GCC_PREPROCESSOR_DEFINITIONS = (
					"DEBUG=1",
					"$(inherited)",
				);
				GCC_WARN_64_TO_32_BIT_CONVERSION = YES;
				GCC_WARN_ABOUT_RETURN_TYPE = YES_ERROR;
				GCC_WARN_UNDECLARED_SELECTOR = YES;
				GCC_WARN_UNINITIALIZED_AUTOS = YES_AGGRESSIVE;
				GCC_WARN_UNUSED_FUNCTION = YES;
				GCC_WARN_UNUSED_VARIABLE = YES;
				MACOSX_DEPLOYMENT_TARGET = 10.13;
				MTL_ENABLE_DEBUG_INFO = INCLUDE_SOURCE;
				MTL_FAST_MATH = YES;
				ONLY_ACTIVE_ARCH = YES;
				SDKROOT = macosx;
			};
			name = Debug;
		};
		9285BA4B216E385100C04422 /* Release */ = {
			isa = XCBuildConfiguration;
			buildSettings = {
				ALWAYS_SEARCH_USER_PATHS = NO;
				CLANG_ANALYZER_NONNULL = YES;
				CLANG_ANALYZER_NUMBER_OBJECT_CONVERSION = YES_AGGRESSIVE;
				CLANG_CXX_LANGUAGE_STANDARD = "gnu++14";
				CLANG_CXX_LIBRARY = "libc++";
				CLANG_ENABLE_MODULES = YES;
				CLANG_ENABLE_OBJC_ARC = YES;
				CLANG_ENABLE_OBJC_WEAK = YES;
				CLANG_WARN_BLOCK_CAPTURE_AUTORELEASING = YES;
				CLANG_WARN_BOOL_CONVERSION = YES;
				CLANG_WARN_COMMA = YES;
				CLANG_WARN_CONSTANT_CONVERSION = YES;
				CLANG_WARN_DEPRECATED_OBJC_IMPLEMENTATIONS = YES;
				CLANG_WARN_DIRECT_OBJC_ISA_USAGE = YES_ERROR;
				CLANG_WARN_DOCUMENTATION_COMMENTS = YES;
				CLANG_WARN_EMPTY_BODY = YES;
				CLANG_WARN_ENUM_CONVERSION = YES;
				CLANG_WARN_INFINITE_RECURSION = YES;
				CLANG_WARN_INT_CONVERSION = YES;
				CLANG_WARN_NON_LITERAL_NULL_CONVERSION = YES;
				CLANG_WARN_OBJC_IMPLICIT_RETAIN_SELF = YES;
				CLANG_WARN_OBJC_LITERAL_CONVERSION = YES;
				CLANG_WARN_OBJC_ROOT_CLASS = YES_ERROR;
				CLANG_WARN_RANGE_LOOP_ANALYSIS = YES;
				CLANG_WARN_STRICT_PROTOTYPES = YES;
				CLANG_WARN_SUSPICIOUS_MOVE = YES;
				CLANG_WARN_UNGUARDED_AVAILABILITY = YES_AGGRESSIVE;
				CLANG_WARN_UNREACHABLE_CODE = YES;
				CLANG_WARN__DUPLICATE_METHOD_MATCH = YES;
				CODE_SIGN_IDENTITY = "Mac Developer";
				COPY_PHASE_STRIP = NO;
				DEBUG_INFORMATION_FORMAT = "dwarf-with-dsym";
				ENABLE_NS_ASSERTIONS = NO;
				ENABLE_STRICT_OBJC_MSGSEND = YES;
				GCC_C_LANGUAGE_STANDARD = gnu11;
				GCC_NO_COMMON_BLOCKS = YES;
				GCC_WARN_64_TO_32_BIT_CONVERSION = YES;
				GCC_WARN_ABOUT_RETURN_TYPE = YES_ERROR;
				GCC_WARN_UNDECLARED_SELECTOR = YES;
				GCC_WARN_UNINITIALIZED_AUTOS = YES_AGGRESSIVE;
				GCC_WARN_UNUSED_FUNCTION = YES;
				GCC_WARN_UNUSED_VARIABLE = YES;
				MACOSX_DEPLOYMENT_TARGET = 10.13;
				MTL_ENABLE_DEBUG_INFO = NO;
				MTL_FAST_MATH = YES;
				SDKROOT = macosx;
			};
			name = Release;
		};
		9285BA4D216E385100C04422 /* Debug */ = {
			isa = XCBuildConfiguration;
			buildSettings = {
				CODE_SIGN_STYLE = Automatic;
				DEVELOPMENT_TEAM = P7W6W36ZY5;
				PRODUCT_NAME = "$(TARGET_NAME)";
			};
			name = Debug;
		};
		9285BA4E216E385100C04422 /* Release */ = {
			isa = XCBuildConfiguration;
			buildSettings = {
				CODE_SIGN_STYLE = Automatic;
				DEVELOPMENT_TEAM = P7W6W36ZY5;
				PRODUCT_NAME = "$(TARGET_NAME)";
			};
			name = Release;
		};
/* End XCBuildConfiguration section */

/* Begin XCConfigurationList section */
		9285BA40216E385100C04422 /* Build configuration list for PBXProject "xcom" */ = {
			isa = XCConfigurationList;
			buildConfigurations = (
				9285BA4A216E385100C04422 /* Debug */,
				9285BA4B216E385100C04422 /* Release */,
			);
			defaultConfigurationIsVisible = 0;
			defaultConfigurationName = Release;
		};
		9285BA4C216E385100C04422 /* Build configuration list for PBXNativeTarget "xcom" */ = {
			isa = XCConfigurationList;
			buildConfigurations = (
				9285BA4D216E385100C04422 /* Debug */,
				9285BA4E216E385100C04422 /* Release */,
			);
			defaultConfigurationIsVisible = 0;
			defaultConfigurationName = Release;
		};
/* End XCConfigurationList section */
	};
	rootObject = 9285BA3D216E385100C04422 /* Project object */;
}
